
Microsoft Visual Studio Solution File, Format Version 12.00
# Visual Studio Version 16
VisualStudioVersion = 16.0.31702.278
MinimumVisualStudioVersion = 10.0.40219.1
Project("{F184B08F-C81C-45F6-A57F-5ABD9991F28F}") = "NewCustomerOrderForm", "NewCustomerOrderForm.vbproj", "{1D552289-8EC9-4771-A052-C21E8A6E1C1E}"
EndProject
Global
	GlobalSection(SolutionConfigurationPlatforms) = preSolution
		Debug|Any CPU = Debug|Any CPU
		Release|Any CPU = Release|Any CPU
	EndGlobalSection
	GlobalSection(ProjectConfigurationPlatforms) = postSolution
		{1D552289-8EC9-4771-A052-C21E8A6E1C1E}.Debug|Any CPU.ActiveCfg = Debug|Any CPU
		{1D552289-8EC9-4771-A052-C21E8A6E1C1E}.Debug|Any CPU.Build.0 = Debug|Any CPU
		{1D552289-8EC9-4771-A052-C21E8A6E1C1E}.Release|Any CPU.ActiveCfg = Release|Any CPU
		{1D552289-8EC9-4771-A052-C21E8A6E1C1E}.Release|Any CPU.Build.0 = Release|Any CPU
	EndGlobalSection
	GlobalSection(SolutionProperties) = preSolution
		HideSolutionNode = FALSE
	EndGlobalSection
	GlobalSection(ExtensibilityGlobals) = postSolution
		SolutionGuid = {A3F8508D-6509-4A5F-9BB5-3B7B157E4B48}
	EndGlobalSection
EndGlobal
